
Microsoft Visual Studio Solution File, Format Version 12.00
# Visual Studio 2012
Project("{FAE04EC0-301F-11D3-BF4B-00C04F79EFBC}") = "MarsRover", "MarsRover\MarsRover.csproj", "{3F603F5F-10C4-44CB-BC5F-1B4140663CBE}"
EndProject
Project("{FAE04EC0-301F-11D3-BF4B-00C04F79EFBC}") = "MarsRoverTest", "MarsRoverTest\MarsRoverTest.csproj", "{A0FD6116-21F3-4755-9DDD-927477B7DAED}"
EndProject
Global
	GlobalSection(SolutionConfigurationPlatforms) = preSolution
		Debug|Any CPU = Debug|Any CPU
		Release|Any CPU = Release|Any CPU
	EndGlobalSection
	GlobalSection(ProjectConfigurationPlatforms) = postSolution
		{3F603F5F-10C4-44CB-BC5F-1B4140663CBE}.Debug|Any CPU.ActiveCfg = Debug|Any CPU
		{3F603F5F-10C4-44CB-BC5F-1B4140663CBE}.Debug|Any CPU.Build.0 = Debug|Any CPU
		{3F603F5F-10C4-44CB-BC5F-1B4140663CBE}.Release|Any CPU.ActiveCfg = Release|Any CPU
		{3F603F5F-10C4-44CB-BC5F-1B4140663CBE}.Release|Any CPU.Build.0 = Release|Any CPU
		{A0FD6116-21F3-4755-9DDD-927477B7DAED}.Debug|Any CPU.ActiveCfg = Debug|Any CPU
		{A0FD6116-21F3-4755-9DDD-927477B7DAED}.Debug|Any CPU.Build.0 = Debug|Any CPU
		{A0FD6116-21F3-4755-9DDD-927477B7DAED}.Release|Any CPU.ActiveCfg = Release|Any CPU
		{A0FD6116-21F3-4755-9DDD-927477B7DAED}.Release|Any CPU.Build.0 = Release|Any CPU
	EndGlobalSection
EndGlobal
